{
  "object": {
    "pins": [
      {
        "package": "ErrorMessage",
        "repositoryURL": "https://github.com/jeremyabannister/ErrorMessage",
        "state": {
          "branch": null,
          "revision": "1468d23676022016c33870feb501b29939ff5722",
          "version": "0.1.1"
        }
      },
      {
        "package": "XCTestToolkit",
        "repositoryURL": "https://github.com/jeremyabannister/XCTestToolkit",
        "state": {
          "branch": null,
          "revision": "12e9e9cb6ae61489a5e872b7e086db9b03f2ea2e",
          "version": "0.1.2"
        }
      }
    ]
  },
  "version": 1
}
